github.com/andybalholm/brotli v1.2.0 h1:ukwgCxwYrmACq68yiUqwIWnGY0cTPox/M94sVwToPjQ=
github.com/andybalholm/brotli v1.2.0/go.mod h1:rzTDkvFWvIrjDXZHkuS16NPggd91W3kUSvPlQ1pLaKY=
github.com/gizak/termui/v3 v3.1.0 h1:ZZmVDgwHl7gR7elfKf1xc4IudXZ5qqfDh4wExk4Iajc=
github.com/gizak/termui/v3 v3.1.0/go.mod h1:bXQEBkJpzxUAKf0+xq9MSWAvWZlE7c+aidmyFlkYTrY=
github.com/gorilla/websocket v1.5.3 h1:saDtZ6Pbx/0u+bgYQ3q96pZgCzfhKXGPqt7kZ72aNNg=
github.com/gorilla/websocket v1.5.3/go.mod h1:YR8l580nyteQvAITg2hZ9XVh4b55+EU/adAjf1fMHhE=
github.com/jinzhu/inflection v1.0.0 h1:K317FqzuhWc8YvSVlFMCCUb36O/S9MCKRDI7QkRKD/E=
github.com/jinzhu/inflection v1.0.0/go.mod h1:h+uFLlag+Qp1Va5pdKtLDYj+kHp5pxUVkryuEj+Srlc=
github.com/jinzhu/now v1.1.5 h1:/o9tlHleP7gOFmsnYNz3RGnqzefHA47wQpKrrdTIwXQ=
github.com/jinzhu/now v1.1.5/go.mod h1:d3SSVoowX0Lcu0IBviAWJpolVfI5UJVZZ7cO71lE/z8=
github.com/klauspost/compress v1.18.0 h1:c/Cqfb0r+Yi+JtIEq73FWXVkRonBlf0CRNYc8Zttxdo=
github.com/klauspost/compress v1.18.0/go.mod h1:2Pp+KzxcywXVXMr50+X0Q/Lsb43OQHYWRCY2AiWywWQ=
github.com/mattn/go-runewidth v0.0.2 h1:UnlwIPBGaTZfPQ6T1IGzPI0EkYAQmT9fAEJ/poFC63o=
github.com/mattn/go-runewidth v0.0.2/go.mod h1:LwmH8dsx7+W8Uxz3IHJYH5QSwggIsqBzpuz5H//U1FU=
github.com/mattn/go-sqlite3 v1.14.22 h1:2gZY6PC6kBnID23Tichd1K+Z0oS6nE/XwU+Vz/5o4kU=
github.com/mattn/go-sqlite3 v1.14.22/go.mod h1:Uh1q+B4BYcTPb+yiD3kU8Ct7aC0hY9fxUwlHK0RXw+Y=
github.com/mitchellh/go-wordwrap v0.0.0-20150314170334-ad45545899c7 h1:DpOJ2HYzCv8LZP15IdmG+YdwD2luVPHITV96TkirNBM=
github.com/mitchellh/go-wordwrap v0.0.0-20150314170334-ad45545899c7/go.mod h1:ZXFpozHsX6DPmq2I0TCekCxypsnAUbP2oI0UX1GXzOo=
github.com/nostalgist134/FuzzGIUPluginKit v0.0.4 h1:zwJo/KGr4dP7nngTHsIiVO0ObVZHVIlxKNQOkF8V58g=
github.com/nostalgist134/FuzzGIUPluginKit v0.0.4/go.mod h1:jzo4gxNnQKMbpBxM2aGMN5gW0K7UyS3pbXJsZ5MPfMk=
github.com/nostalgist134/reusableBytes v0.0.5 h1:Uc1fCUIG/z8MLOJnuquRsDJuhT54rRvj63ZOSZa1aB4=
github.com/nostalgist134/reusableBytes v0.0.5/go.mod h1:mZemtIh4BOVlMNa+hxomvKz2+3IPuVTGSoBBOwdGKm8=
github.com/nsf/termbox-go v0.0.0-20190121233118-02980233997d h1:x3S6kxmy49zXVVyhcnrFqxvNVCBPb2KZ9hV2RBdS840=
github.com/nsf/termbox-go v0.0.0-20190121233118-02980233997d/go.mod h1:IuKpRQcYE1Tfu+oAQqaLisqDeXgjyyltCfsaoYN18NQ=
github.com/valyala/bytebufferpool v1.0.0 h1:GqA5TC/0021Y/b9FG4Oi9Mr3q7XYx6KllzawFIhcdPw=
github.com/valyala/bytebufferpool v1.0.0/go.mod h1:6bBcMArwyJ5K/AmCkWv1jt77kVWyCJ6HpOuEn7z0Csc=
github.com/valyala/fasthttp v1.65.0 h1:j/u3uzFEGFfRxw79iYzJN+TteTJwbYkru9uDp3d0Yf8=
github.com/valyala/fasthttp v1.65.0/go.mod h1:P/93/YkKPMsKSnATEeELUCkG8a7Y+k99uxNHVbKINr4=
github.com/xyproto/randomstring v1.0.5 h1:YtlWPoRdgMu3NZtP45drfy1GKoojuR7hmRcnhZqKjWU=
github.com/xyproto/randomstring v1.0.5/go.mod h1:rgmS5DeNXLivK7YprL0pY+lTuhNQW3iGxZ18UQApw/E=
golang.org/x/net v0.43.0 h1:lat02VYK2j4aLzMzecihNvTlJNQUq316m2Mr9rnM6YE=
golang.org/x/net v0.43.0/go.mod h1:vhO1fvI4dGsIjh73sWfUVjj3N7CA9WkKJNQm2svM6Jg=
golang.org/x/text v0.28.0 h1:rhazDwis8INMIwQ4tpjLDzUhx6RlXqZNPEM0huQojng=
golang.org/x/text v0.28.0/go.mod h1:U8nCwOR8jO/marOQ0QbDiOngZVEBB7MAiitBuMjXiNU=
gorm.io/driver/sqlite v1.6.0 h1:WHRRrIiulaPiPFmDcod6prc4l2VGVWHz80KspNsxSfQ=
gorm.io/driver/sqlite v1.6.0/go.mod h1:AO9V1qIQddBESngQUKWL9yoH93HIeA1X6V633rBwyT8=
gorm.io/gorm v1.30.3 h1:QiG8upl0Sg9ba2Zatfjy0fy4It2iNBL2/eMdvEkdXNs=
gorm.io/gorm v1.30.3/go.mod h1:8Z33v652h4//uMA76KjeDH8mJXPm1QNCYrMeatR0DOE=
